{
  "name": "@zeropress/build-core",
  "version": "0.1.6",
  "lockfileVersion": 3,
  "requires": true,
  "packages": {
    "": {
      "name": "@zeropress/build-core",
      "version": "0.1.6",
      "license": "MIT",
      "dependencies": {
        "@zeropress/preview-data-validator": "^0.3.1",
        "@zeropress/theme-validator": "^0.2.3"
      },
      "engines": {
        "node": ">=18.18.0"
      }
    },
    "node_modules/@zeropress/preview-data-validator": {
      "version": "0.3.1",
      "resolved": "https://registry.npmjs.org/@zeropress/preview-data-validator/-/preview-data-validator-0.3.1.tgz",
      "integrity": "sha512-kEEfHg4mSH7h/efl0o2fSBAuEbhNx6VP0f/ductF1uFGImgkkyOvJPjTMX0+c+iTVXKwj8bdfLFTrEKY28xKLQ==",
      "license": "MIT",
      "engines": {
        "node": ">=18.18.0"
      }
    },
    "node_modules/@zeropress/theme-validator": {
      "version": "0.2.3",
      "resolved": "https://registry.npmjs.org/@zeropress/theme-validator/-/theme-validator-0.2.3.tgz",
      "integrity": "sha512-yaP40n/ykaL8Y2hYrUh1MVp9Poptsue18ORlrY0pmuU71+5OOxPdX5tTcDuIV4LGAuiA2ZzfHyt+AmaVY5p4jw==",
      "license": "MIT",
      "engines": {
        "node": ">=18.18.0"
      }
    }
  }
}
