{
  "name": "@zeropress/build-core",
  "version": "0.1.9",
  "lockfileVersion": 3,
  "requires": true,
  "packages": {
    "": {
      "name": "@zeropress/build-core",
      "version": "0.1.9",
      "license": "MIT",
      "dependencies": {
        "@zeropress/preview-data-validator": "^0.4.0",
        "@zeropress/theme-validator": "^0.2.4"
      },
      "engines": {
        "node": ">=18.18.0"
      }
    },
    "node_modules/@zeropress/preview-data-validator": {
      "version": "0.4.0",
      "resolved": "https://registry.npmjs.org/@zeropress/preview-data-validator/-/preview-data-validator-0.4.0.tgz",
      "integrity": "sha512-AGQNVQ8aCDoQDWJfZIzz5pqexxi7kqKd58vqb+5zqv0Xn7VESltxW1jx0c8c9I0guwNiLNlAaxy+wAswbBfqnA==",
      "license": "MIT",
      "engines": {
        "node": ">=18.18.0"
      }
    },
    "node_modules/@zeropress/theme-validator": {
      "version": "0.2.4",
      "resolved": "https://registry.npmjs.org/@zeropress/theme-validator/-/theme-validator-0.2.4.tgz",
      "integrity": "sha512-vHm3/4ssyUz1eDWQ1gGi2QxFyz0M8uMuwwCef4f4aOrkT+4JTzJ9W6cYqzvoVFaCWjEDoF/sMdPTrjQm1lwp5A==",
      "license": "MIT",
      "engines": {
        "node": ">=18.18.0"
      }
    }
  }
}
